
Microsoft Visual Studio Solution File, Format Version 12.00
# Visual Studio Version 17
VisualStudioVersion = 17.2.32526.322
MinimumVisualStudioVersion = 15.0.26124.0
Project("{9A19103F-16F7-4668-BE54-9A1E7A4F7556}") = "ORB.API", "ORB.API\ORB.API.csproj", "{45DBFB87-671E-43F3-ADC0-D1FE25B1E421}"
EndProject
Project("{9A19103F-16F7-4668-BE54-9A1E7A4F7556}") = "ORB.Core", "ORB.Core\ORB.Core.csproj", "{58066506-34D1-443B-B341-943D4CA22BE4}"
EndProject
Project("{9A19103F-16F7-4668-BE54-9A1E7A4F7556}") = "ORB.Data", "ORB.Data\ORB.Data.csproj", "{12350115-AA67-48E2-BAC5-3E6E4FCC8A4A}"
EndProject
Project("{9A19103F-16F7-4668-BE54-9A1E7A4F7556}") = "ORB.Services", "ORB.Services\ORB.Services.csproj", "{77931102-3FBF-40E3-8098-34DF6C11FF32}"
EndProject
Project("{9A19103F-16F7-4668-BE54-9A1E7A4F7556}") = "ORB.Services.Tests", "ORB.Services.Tests\ORB.Services.Tests.csproj", "{886F2A15-6EB4-46D7-9AB8-5C5450D3CB41}"
EndProject
Project("{00D1A9C2-B5F0-4AF3-8072-F6C62B433612}") = "CorporateReportingDB", "CorporateReportingDB\CorporateReportingDB.sqlproj", "{968F4EA4-756E-486D-BE7A-A9FCA9C62ABE}"
EndProject
Project("{9A19103F-16F7-4668-BE54-9A1E7A4F7556}") = "ORB.Functions", "ORB.Functions\ORB.Functions.csproj", "{1B412CB9-3B29-4D07-BEEC-10F1E06346EA}"
EndProject
Global
	GlobalSection(SolutionConfigurationPlatforms) = preSolution
		Debug|Any CPU = Debug|Any CPU
		Debug|x64 = Debug|x64
		Debug|x86 = Debug|x86
		Release|Any CPU = Release|Any CPU
		Release|x64 = Release|x64
		Release|x86 = Release|x86
	EndGlobalSection
	GlobalSection(ProjectConfigurationPlatforms) = postSolution
		{45DBFB87-671E-43F3-ADC0-D1FE25B1E421}.Debug|Any CPU.ActiveCfg = Debug|Any CPU
		{45DBFB87-671E-43F3-ADC0-D1FE25B1E421}.Debug|Any CPU.Build.0 = Debug|Any CPU
		{45DBFB87-671E-43F3-ADC0-D1FE25B1E421}.Debug|x64.ActiveCfg = Debug|Any CPU
		{45DBFB87-671E-43F3-ADC0-D1FE25B1E421}.Debug|x64.Build.0 = Debug|Any CPU
		{45DBFB87-671E-43F3-ADC0-D1FE25B1E421}.Debug|x86.ActiveCfg = Debug|Any CPU
		{45DBFB87-671E-43F3-ADC0-D1FE25B1E421}.Debug|x86.Build.0 = Debug|Any CPU
		{45DBFB87-671E-43F3-ADC0-D1FE25B1E421}.Release|Any CPU.ActiveCfg = Release|Any CPU
		{45DBFB87-671E-43F3-ADC0-D1FE25B1E421}.Release|Any CPU.Build.0 = Release|Any CPU
		{45DBFB87-671E-43F3-ADC0-D1FE25B1E421}.Release|x64.ActiveCfg = Release|Any CPU
		{45DBFB87-671E-43F3-ADC0-D1FE25B1E421}.Release|x64.Build.0 = Release|Any CPU
		{45DBFB87-671E-43F3-ADC0-D1FE25B1E421}.Release|x86.ActiveCfg = Release|Any CPU
		{45DBFB87-671E-43F3-ADC0-D1FE25B1E421}.Release|x86.Build.0 = Release|Any CPU
		{58066506-34D1-443B-B341-943D4CA22BE4}.Debug|Any CPU.ActiveCfg = Debug|Any CPU
		{58066506-34D1-443B-B341-943D4CA22BE4}.Debug|Any CPU.Build.0 = Debug|Any CPU
		{58066506-34D1-443B-B341-943D4CA22BE4}.Debug|x64.ActiveCfg = Debug|Any CPU
		{58066506-34D1-443B-B341-943D4CA22BE4}.Debug|x64.Build.0 = Debug|Any CPU
		{58066506-34D1-443B-B341-943D4CA22BE4}.Debug|x86.ActiveCfg = Debug|Any CPU
		{58066506-34D1-443B-B341-943D4CA22BE4}.Debug|x86.Build.0 = Debug|Any CPU
		{58066506-34D1-443B-B341-943D4CA22BE4}.Release|Any CPU.ActiveCfg = Release|Any CPU
		{58066506-34D1-443B-B341-943D4CA22BE4}.Release|Any CPU.Build.0 = Release|Any CPU
		{58066506-34D1-443B-B341-943D4CA22BE4}.Release|x64.ActiveCfg = Release|Any CPU
		{58066506-34D1-443B-B341-943D4CA22BE4}.Release|x64.Build.0 = Release|Any CPU
		{58066506-34D1-443B-B341-943D4CA22BE4}.Release|x86.ActiveCfg = Release|Any CPU
		{58066506-34D1-443B-B341-943D4CA22BE4}.Release|x86.Build.0 = Release|Any CPU
		{12350115-AA67-48E2-BAC5-3E6E4FCC8A4A}.Debug|Any CPU.ActiveCfg = Debug|Any CPU
		{12350115-AA67-48E2-BAC5-3E6E4FCC8A4A}.Debug|Any CPU.Build.0 = Debug|Any CPU
		{12350115-AA67-48E2-BAC5-3E6E4FCC8A4A}.Debug|x64.ActiveCfg = Debug|Any CPU
		{12350115-AA67-48E2-BAC5-3E6E4FCC8A4A}.Debug|x64.Build.0 = Debug|Any CPU
		{12350115-AA67-48E2-BAC5-3E6E4FCC8A4A}.Debug|x86.ActiveCfg = Debug|Any CPU
		{12350115-AA67-48E2-BAC5-3E6E4FCC8A4A}.Debug|x86.Build.0 = Debug|Any CPU
		{12350115-AA67-48E2-BAC5-3E6E4FCC8A4A}.Release|Any CPU.ActiveCfg = Release|Any CPU
		{12350115-AA67-48E2-BAC5-3E6E4FCC8A4A}.Release|Any CPU.Build.0 = Release|Any CPU
		{12350115-AA67-48E2-BAC5-3E6E4FCC8A4A}.Release|x64.ActiveCfg = Release|Any CPU
		{12350115-AA67-48E2-BAC5-3E6E4FCC8A4A}.Release|x64.Build.0 = Release|Any CPU
		{12350115-AA67-48E2-BAC5-3E6E4FCC8A4A}.Release|x86.ActiveCfg = Release|Any CPU
		{12350115-AA67-48E2-BAC5-3E6E4FCC8A4A}.Release|x86.Build.0 = Release|Any CPU
		{77931102-3FBF-40E3-8098-34DF6C11FF32}.Debug|Any CPU.ActiveCfg = Debug|Any CPU
		{77931102-3FBF-40E3-8098-34DF6C11FF32}.Debug|Any CPU.Build.0 = Debug|Any CPU
		{77931102-3FBF-40E3-8098-34DF6C11FF32}.Debug|x64.ActiveCfg = Debug|Any CPU
		{77931102-3FBF-40E3-8098-34DF6C11FF32}.Debug|x64.Build.0 = Debug|Any CPU
		{77931102-3FBF-40E3-8098-34DF6C11FF32}.Debug|x86.ActiveCfg = Debug|Any CPU
		{77931102-3FBF-40E3-8098-34DF6C11FF32}.Debug|x86.Build.0 = Debug|Any CPU
		{77931102-3FBF-40E3-8098-34DF6C11FF32}.Release|Any CPU.ActiveCfg = Release|Any CPU
		{77931102-3FBF-40E3-8098-34DF6C11FF32}.Release|Any CPU.Build.0 = Release|Any CPU
		{77931102-3FBF-40E3-8098-34DF6C11FF32}.Release|x64.ActiveCfg = Release|Any CPU
		{77931102-3FBF-40E3-8098-34DF6C11FF32}.Release|x64.Build.0 = Release|Any CPU
		{77931102-3FBF-40E3-8098-34DF6C11FF32}.Release|x86.ActiveCfg = Release|Any CPU
		{77931102-3FBF-40E3-8098-34DF6C11FF32}.Release|x86.Build.0 = Release|Any CPU
		{886F2A15-6EB4-46D7-9AB8-5C5450D3CB41}.Debug|Any CPU.ActiveCfg = Debug|Any CPU
		{886F2A15-6EB4-46D7-9AB8-5C5450D3CB41}.Debug|Any CPU.Build.0 = Debug|Any CPU
		{886F2A15-6EB4-46D7-9AB8-5C5450D3CB41}.Debug|x64.ActiveCfg = Debug|Any CPU
		{886F2A15-6EB4-46D7-9AB8-5C5450D3CB41}.Debug|x64.Build.0 = Debug|Any CPU
		{886F2A15-6EB4-46D7-9AB8-5C5450D3CB41}.Debug|x86.ActiveCfg = Debug|Any CPU
		{886F2A15-6EB4-46D7-9AB8-5C5450D3CB41}.Debug|x86.Build.0 = Debug|Any CPU
		{886F2A15-6EB4-46D7-9AB8-5C5450D3CB41}.Release|Any CPU.ActiveCfg = Release|Any CPU
		{886F2A15-6EB4-46D7-9AB8-5C5450D3CB41}.Release|Any CPU.Build.0 = Release|Any CPU
		{886F2A15-6EB4-46D7-9AB8-5C5450D3CB41}.Release|x64.ActiveCfg = Release|Any CPU
		{886F2A15-6EB4-46D7-9AB8-5C5450D3CB41}.Release|x64.Build.0 = Release|Any CPU
		{886F2A15-6EB4-46D7-9AB8-5C5450D3CB41}.Release|x86.ActiveCfg = Release|Any CPU
		{886F2A15-6EB4-46D7-9AB8-5C5450D3CB41}.Release|x86.Build.0 = Release|Any CPU
		{968F4EA4-756E-486D-BE7A-A9FCA9C62ABE}.Debug|Any CPU.ActiveCfg = Debug|Any CPU
		{968F4EA4-756E-486D-BE7A-A9FCA9C62ABE}.Debug|Any CPU.Build.0 = Debug|Any CPU
		{968F4EA4-756E-486D-BE7A-A9FCA9C62ABE}.Debug|Any CPU.Deploy.0 = Debug|Any CPU
		{968F4EA4-756E-486D-BE7A-A9FCA9C62ABE}.Debug|x64.ActiveCfg = Debug|Any CPU
		{968F4EA4-756E-486D-BE7A-A9FCA9C62ABE}.Debug|x64.Build.0 = Debug|Any CPU
		{968F4EA4-756E-486D-BE7A-A9FCA9C62ABE}.Debug|x64.Deploy.0 = Debug|Any CPU
		{968F4EA4-756E-486D-BE7A-A9FCA9C62ABE}.Debug|x86.ActiveCfg = Debug|Any CPU
		{968F4EA4-756E-486D-BE7A-A9FCA9C62ABE}.Debug|x86.Build.0 = Debug|Any CPU
		{968F4EA4-756E-486D-BE7A-A9FCA9C62ABE}.Debug|x86.Deploy.0 = Debug|Any CPU
		{968F4EA4-756E-486D-BE7A-A9FCA9C62ABE}.Release|Any CPU.ActiveCfg = Release|Any CPU
		{968F4EA4-756E-486D-BE7A-A9FCA9C62ABE}.Release|Any CPU.Build.0 = Release|Any CPU
		{968F4EA4-756E-486D-BE7A-A9FCA9C62ABE}.Release|Any CPU.Deploy.0 = Release|Any CPU
		{968F4EA4-756E-486D-BE7A-A9FCA9C62ABE}.Release|x64.ActiveCfg = Release|Any CPU
		{968F4EA4-756E-486D-BE7A-A9FCA9C62ABE}.Release|x64.Build.0 = Release|Any CPU
		{968F4EA4-756E-486D-BE7A-A9FCA9C62ABE}.Release|x64.Deploy.0 = Release|Any CPU
		{968F4EA4-756E-486D-BE7A-A9FCA9C62ABE}.Release|x86.ActiveCfg = Release|Any CPU
		{968F4EA4-756E-486D-BE7A-A9FCA9C62ABE}.Release|x86.Build.0 = Release|Any CPU
		{968F4EA4-756E-486D-BE7A-A9FCA9C62ABE}.Release|x86.Deploy.0 = Release|Any CPU
		{1B412CB9-3B29-4D07-BEEC-10F1E06346EA}.Debug|Any CPU.ActiveCfg = Debug|Any CPU
		{1B412CB9-3B29-4D07-BEEC-10F1E06346EA}.Debug|Any CPU.Build.0 = Debug|Any CPU
		{1B412CB9-3B29-4D07-BEEC-10F1E06346EA}.Debug|x64.ActiveCfg = Debug|Any CPU
		{1B412CB9-3B29-4D07-BEEC-10F1E06346EA}.Debug|x64.Build.0 = Debug|Any CPU
		{1B412CB9-3B29-4D07-BEEC-10F1E06346EA}.Debug|x86.ActiveCfg = Debug|Any CPU
		{1B412CB9-3B29-4D07-BEEC-10F1E06346EA}.Debug|x86.Build.0 = Debug|Any CPU
		{1B412CB9-3B29-4D07-BEEC-10F1E06346EA}.Release|Any CPU.ActiveCfg = Release|Any CPU
		{1B412CB9-3B29-4D07-BEEC-10F1E06346EA}.Release|Any CPU.Build.0 = Release|Any CPU
		{1B412CB9-3B29-4D07-BEEC-10F1E06346EA}.Release|x64.ActiveCfg = Release|Any CPU
		{1B412CB9-3B29-4D07-BEEC-10F1E06346EA}.Release|x64.Build.0 = Release|Any CPU
		{1B412CB9-3B29-4D07-BEEC-10F1E06346EA}.Release|x86.ActiveCfg = Release|Any CPU
		{1B412CB9-3B29-4D07-BEEC-10F1E06346EA}.Release|x86.Build.0 = Release|Any CPU
	EndGlobalSection
	GlobalSection(SolutionProperties) = preSolution
		HideSolutionNode = FALSE
	EndGlobalSection
	GlobalSection(ExtensibilityGlobals) = postSolution
		SolutionGuid = {3A5E1759-3A5A-4E83-B5C1-390FBDD34EAF}
	EndGlobalSection
EndGlobal
